
Microsoft Visual Studio Solution File, Format Version 12.00
# Visual Studio Version 16
VisualStudioVersion = 16.0.31829.152
MinimumVisualStudioVersion = 10.0.40219.1
Project("{8BC9CEB8-8B4A-11D0-8D11-00A0C91BC942}") = "0221test", "0221test\0221test.vcxproj", "{82074949-EA2C-4F7B-A6E8-586561B6A2F1}"
EndProject
Global
	GlobalSection(SolutionConfigurationPlatforms) = preSolution
		Debug|x64 = Debug|x64
		Debug|x86 = Debug|x86
		Release|x64 = Release|x64
		Release|x86 = Release|x86
	EndGlobalSection
	GlobalSection(ProjectConfigurationPlatforms) = postSolution
		{82074949-EA2C-4F7B-A6E8-586561B6A2F1}.Debug|x64.ActiveCfg = Debug|x64
		{82074949-EA2C-4F7B-A6E8-586561B6A2F1}.Debug|x64.Build.0 = Debug|x64
		{82074949-EA2C-4F7B-A6E8-586561B6A2F1}.Debug|x86.ActiveCfg = Debug|Win32
		{82074949-EA2C-4F7B-A6E8-586561B6A2F1}.Debug|x86.Build.0 = Debug|Win32
		{82074949-EA2C-4F7B-A6E8-586561B6A2F1}.Release|x64.ActiveCfg = Release|x64
		{82074949-EA2C-4F7B-A6E8-586561B6A2F1}.Release|x64.Build.0 = Release|x64
		{82074949-EA2C-4F7B-A6E8-586561B6A2F1}.Release|x86.ActiveCfg = Release|Win32
		{82074949-EA2C-4F7B-A6E8-586561B6A2F1}.Release|x86.Build.0 = Release|Win32
	EndGlobalSection
	GlobalSection(SolutionProperties) = preSolution
		HideSolutionNode = FALSE
	EndGlobalSection
	GlobalSection(ExtensibilityGlobals) = postSolution
		SolutionGuid = {7F1F7A23-D0DC-4E37-B111-F5125547838F}
	EndGlobalSection
EndGlobal
